
Microsoft Visual Studio Solution File, Format Version 12.00
# Visual Studio Version 16
VisualStudioVersion = 16.0.32126.315
MinimumVisualStudioVersion = 10.0.40219.1
Project("{FAE04EC0-301F-11D3-BF4B-00C04F79EFBC}") = "WcfServiceApplication", "WcfServiceApplication.csproj", "{F9B4B01A-8E8A-4B5B-A4FC-6C61AFA4A291}"
EndProject
Global
	GlobalSection(SolutionConfigurationPlatforms) = preSolution
		Debug|Any CPU = Debug|Any CPU
		Release|Any CPU = Release|Any CPU
	EndGlobalSection
	GlobalSection(ProjectConfigurationPlatforms) = postSolution
		{F9B4B01A-8E8A-4B5B-A4FC-6C61AFA4A291}.Debug|Any CPU.ActiveCfg = Debug|Any CPU
		{F9B4B01A-8E8A-4B5B-A4FC-6C61AFA4A291}.Debug|Any CPU.Build.0 = Debug|Any CPU
		{F9B4B01A-8E8A-4B5B-A4FC-6C61AFA4A291}.Release|Any CPU.ActiveCfg = Release|Any CPU
		{F9B4B01A-8E8A-4B5B-A4FC-6C61AFA4A291}.Release|Any CPU.Build.0 = Release|Any CPU
	EndGlobalSection
	GlobalSection(SolutionProperties) = preSolution
		HideSolutionNode = FALSE
	EndGlobalSection
	GlobalSection(ExtensibilityGlobals) = postSolution
		SolutionGuid = {3660F1A5-446B-4FD1-9CE9-235AB0FFF0C5}
	EndGlobalSection
EndGlobal
